
Microsoft Visual Studio Solution File, Format Version 12.00
# Visual Studio Version 16
VisualStudioVersion = 16.0.33423.256
MinimumVisualStudioVersion = 10.0.40219.1
Project("{FAE04EC0-301F-11D3-BF4B-00C04F79EFBC}") = "week8", "week8.csproj", "{34852C79-3CF1-4FEC-AF58-26C8E4D0FE4C}"
EndProject
Global
	GlobalSection(SolutionConfigurationPlatforms) = preSolution
		Debug|Any CPU = Debug|Any CPU
		Release|Any CPU = Release|Any CPU
	EndGlobalSection
	GlobalSection(ProjectConfigurationPlatforms) = postSolution
		{34852C79-3CF1-4FEC-AF58-26C8E4D0FE4C}.Debug|Any CPU.ActiveCfg = Debug|Any CPU
		{34852C79-3CF1-4FEC-AF58-26C8E4D0FE4C}.Debug|Any CPU.Build.0 = Debug|Any CPU
		{34852C79-3CF1-4FEC-AF58-26C8E4D0FE4C}.Release|Any CPU.ActiveCfg = Release|Any CPU
		{34852C79-3CF1-4FEC-AF58-26C8E4D0FE4C}.Release|Any CPU.Build.0 = Release|Any CPU
	EndGlobalSection
	GlobalSection(SolutionProperties) = preSolution
		HideSolutionNode = FALSE
	EndGlobalSection
	GlobalSection(ExtensibilityGlobals) = postSolution
		SolutionGuid = {FAEE93C6-43CD-41C2-945A-69D133C3A874}
	EndGlobalSection
EndGlobal
